
Microsoft Visual Studio Solution File, Format Version 12.00
# Visual Studio Version 17
VisualStudioVersion = 17.11.35327.3
MinimumVisualStudioVersion = 10.0.40219.1
Project("{9A19103F-16F7-4668-BE54-9A1E7A4F7556}") = "TodoList-Api", "TodoList-App\TodoList-Api.csproj", "{CE24DA22-177D-4F25-AF39-756086AAC394}"
EndProject
Project("{9A19103F-16F7-4668-BE54-9A1E7A4F7556}") = "TodoList-MVC", "TodoList-MVC\TodoList-MVC.csproj", "{6682D6DC-85DC-4CF7-8AF9-295E736C4B22}"
EndProject
Global
	GlobalSection(SolutionConfigurationPlatforms) = preSolution
		Debug|Any CPU = Debug|Any CPU
		Release|Any CPU = Release|Any CPU
	EndGlobalSection
	GlobalSection(ProjectConfigurationPlatforms) = postSolution
		{CE24DA22-177D-4F25-AF39-756086AAC394}.Debug|Any CPU.ActiveCfg = Debug|Any CPU
		{CE24DA22-177D-4F25-AF39-756086AAC394}.Debug|Any CPU.Build.0 = Debug|Any CPU
		{CE24DA22-177D-4F25-AF39-756086AAC394}.Release|Any CPU.ActiveCfg = Release|Any CPU
		{CE24DA22-177D-4F25-AF39-756086AAC394}.Release|Any CPU.Build.0 = Release|Any CPU
		{6682D6DC-85DC-4CF7-8AF9-295E736C4B22}.Debug|Any CPU.ActiveCfg = Debug|Any CPU
		{6682D6DC-85DC-4CF7-8AF9-295E736C4B22}.Debug|Any CPU.Build.0 = Debug|Any CPU
		{6682D6DC-85DC-4CF7-8AF9-295E736C4B22}.Release|Any CPU.ActiveCfg = Release|Any CPU
		{6682D6DC-85DC-4CF7-8AF9-295E736C4B22}.Release|Any CPU.Build.0 = Release|Any CPU
	EndGlobalSection
	GlobalSection(SolutionProperties) = preSolution
		HideSolutionNode = FALSE
	EndGlobalSection
	GlobalSection(ExtensibilityGlobals) = postSolution
		SolutionGuid = {254768AC-94F1-443D-9B22-18DE9E716833}
	EndGlobalSection
EndGlobal
